
Microsoft Visual Studio Solution File, Format Version 12.00
# Visual Studio Version 16
VisualStudioVersion = 16.0.30611.23
MinimumVisualStudioVersion = 10.0.40219.1
Project("{FAE04EC0-301F-11D3-BF4B-00C04F79EFBC}") = "exec_cap10_fix", "exec_cap10_fix\exec_cap10_fix.csproj", "{A5F5F963-52E0-4AC9-840D-608C91456BEB}"
EndProject
Global
	GlobalSection(SolutionConfigurationPlatforms) = preSolution
		Debug|Any CPU = Debug|Any CPU
		Release|Any CPU = Release|Any CPU
	EndGlobalSection
	GlobalSection(ProjectConfigurationPlatforms) = postSolution
		{A5F5F963-52E0-4AC9-840D-608C91456BEB}.Debug|Any CPU.ActiveCfg = Debug|Any CPU
		{A5F5F963-52E0-4AC9-840D-608C91456BEB}.Debug|Any CPU.Build.0 = Debug|Any CPU
		{A5F5F963-52E0-4AC9-840D-608C91456BEB}.Release|Any CPU.ActiveCfg = Release|Any CPU
		{A5F5F963-52E0-4AC9-840D-608C91456BEB}.Release|Any CPU.Build.0 = Release|Any CPU
	EndGlobalSection
	GlobalSection(SolutionProperties) = preSolution
		HideSolutionNode = FALSE
	EndGlobalSection
	GlobalSection(ExtensibilityGlobals) = postSolution
		SolutionGuid = {D270881E-E97F-4619-AE87-AFB3B339554A}
	EndGlobalSection
EndGlobal
